
Microsoft Visual Studio Solution File, Format Version 12.00
# Visual Studio Version 17
VisualStudioVersion = 17.0.31903.59
MinimumVisualStudioVersion = 10.0.40219.1
Project("{FAE04EC0-301F-11D3-BF4B-00C04F79EFBC}") = "EIMS.Server", "EIMS.Server\EIMS.Server.csproj", "{158D2A93-8E87-4389-97A1-D8AEA5F0D16A}"
EndProject
Project("{FAE04EC0-301F-11D3-BF4B-00C04F79EFBC}") = "EIMS.Client", "EIMS.Client\EIMS.Client.csproj", "{C3A1CFFD-51BD-4B41-BD07-D236A93C4B1C}"
EndProject
Project("{FAE04EC0-301F-11D3-BF4B-00C04F79EFBC}") = "EIMS.Shared", "EIMS.Shared\EIMS.Shared.csproj", "{50173180-DC39-49C3-9D54-B8A5648234A9}"
EndProject
Global
	GlobalSection(SolutionConfigurationPlatforms) = preSolution
		Debug|Any CPU = Debug|Any CPU
		Release|Any CPU = Release|Any CPU
	EndGlobalSection
	GlobalSection(SolutionProperties) = preSolution
		HideSolutionNode = FALSE
	EndGlobalSection
	GlobalSection(ProjectConfigurationPlatforms) = postSolution
		{158D2A93-8E87-4389-97A1-D8AEA5F0D16A}.Debug|Any CPU.ActiveCfg = Debug|Any CPU
		{158D2A93-8E87-4389-97A1-D8AEA5F0D16A}.Debug|Any CPU.Build.0 = Debug|Any CPU
		{158D2A93-8E87-4389-97A1-D8AEA5F0D16A}.Release|Any CPU.ActiveCfg = Release|Any CPU
		{158D2A93-8E87-4389-97A1-D8AEA5F0D16A}.Release|Any CPU.Build.0 = Release|Any CPU
		{C3A1CFFD-51BD-4B41-BD07-D236A93C4B1C}.Debug|Any CPU.ActiveCfg = Debug|Any CPU
		{C3A1CFFD-51BD-4B41-BD07-D236A93C4B1C}.Debug|Any CPU.Build.0 = Debug|Any CPU
		{C3A1CFFD-51BD-4B41-BD07-D236A93C4B1C}.Release|Any CPU.ActiveCfg = Release|Any CPU
		{C3A1CFFD-51BD-4B41-BD07-D236A93C4B1C}.Release|Any CPU.Build.0 = Release|Any CPU
		{50173180-DC39-49C3-9D54-B8A5648234A9}.Debug|Any CPU.ActiveCfg = Debug|Any CPU
		{50173180-DC39-49C3-9D54-B8A5648234A9}.Debug|Any CPU.Build.0 = Debug|Any CPU
		{50173180-DC39-49C3-9D54-B8A5648234A9}.Release|Any CPU.ActiveCfg = Release|Any CPU
		{50173180-DC39-49C3-9D54-B8A5648234A9}.Release|Any CPU.Build.0 = Release|Any CPU
	EndGlobalSection
EndGlobal
